
Microsoft Visual Studio Solution File, Format Version 12.00
# Visual Studio Version 17
VisualStudioVersion = 17.13.35825.156
MinimumVisualStudioVersion = 10.0.40219.1
Project("{FAE04EC0-301F-11D3-BF4B-00C04F79EFBC}") = "clean-architecture-dotnet", "clean-architecture-dotnet\clean-architecture-dotnet.csproj", "{5B86ECF4-568D-4893-AAC2-E806B7CF00F5}"
EndProject
Project("{FAE04EC0-301F-11D3-BF4B-00C04F79EFBC}") = "clean-architecture-dotnet.Domain", "clean-architecture-dotnet.Domain\clean-architecture-dotnet.Domain.csproj", "{A68F2D07-CBE6-4D84-8DE2-6885C58168DA}"
EndProject
Project("{FAE04EC0-301F-11D3-BF4B-00C04F79EFBC}") = "clean-architecture-dotnet.Infrastructure", "clean-architecture-dotnet.Infrastructure\clean-architecture-dotnet.Infrastructure.csproj", "{4D8E4E00-B9CD-4F8A-B01E-B75C7DC3B6EA}"
EndProject
Global
	GlobalSection(SolutionConfigurationPlatforms) = preSolution
		Debug|Any CPU = Debug|Any CPU
		Release|Any CPU = Release|Any CPU
	EndGlobalSection
	GlobalSection(ProjectConfigurationPlatforms) = postSolution
		{5B86ECF4-568D-4893-AAC2-E806B7CF00F5}.Debug|Any CPU.ActiveCfg = Debug|Any CPU
		{5B86ECF4-568D-4893-AAC2-E806B7CF00F5}.Debug|Any CPU.Build.0 = Debug|Any CPU
		{5B86ECF4-568D-4893-AAC2-E806B7CF00F5}.Release|Any CPU.ActiveCfg = Release|Any CPU
		{5B86ECF4-568D-4893-AAC2-E806B7CF00F5}.Release|Any CPU.Build.0 = Release|Any CPU
		{A68F2D07-CBE6-4D84-8DE2-6885C58168DA}.Debug|Any CPU.ActiveCfg = Debug|Any CPU
		{A68F2D07-CBE6-4D84-8DE2-6885C58168DA}.Debug|Any CPU.Build.0 = Debug|Any CPU
		{A68F2D07-CBE6-4D84-8DE2-6885C58168DA}.Release|Any CPU.ActiveCfg = Release|Any CPU
		{A68F2D07-CBE6-4D84-8DE2-6885C58168DA}.Release|Any CPU.Build.0 = Release|Any CPU
		{4D8E4E00-B9CD-4F8A-B01E-B75C7DC3B6EA}.Debug|Any CPU.ActiveCfg = Debug|Any CPU
		{4D8E4E00-B9CD-4F8A-B01E-B75C7DC3B6EA}.Debug|Any CPU.Build.0 = Debug|Any CPU
		{4D8E4E00-B9CD-4F8A-B01E-B75C7DC3B6EA}.Release|Any CPU.ActiveCfg = Release|Any CPU
		{4D8E4E00-B9CD-4F8A-B01E-B75C7DC3B6EA}.Release|Any CPU.Build.0 = Release|Any CPU
	EndGlobalSection
	GlobalSection(SolutionProperties) = preSolution
		HideSolutionNode = FALSE
	EndGlobalSection
	GlobalSection(ExtensibilityGlobals) = postSolution
		SolutionGuid = {B54AB18C-A608-42EF-BD52-1804456E5FCD}
	EndGlobalSection
EndGlobal
